// !$*UTF8*$!
{
	archiveVersion = 1;
	classes = {
	};
	objectVersion = 56;
	objects = {

/* Begin PBXBuildFile section */
		F645E7B42A1664B400100A0E /* MenuViewViewModel.swift in Sources */ = {isa = PBXBuildFile; fileRef = F645E7B32A1664B400100A0E /* MenuViewViewModel.swift */; };
		F645E7B62A168CBC00100A0E /* MenuCategory.swift in Sources */ = {isa = PBXBuildFile; fileRef = F645E7B52A168CBC00100A0E /* MenuCategory.swift */; };
		F645E7B82A168CE100100A0E /* Ingredient.swift in Sources */ = {isa = PBXBuildFile; fileRef = F645E7B72A168CE100100A0E /* Ingredient.swift */; };
		F64F9A5F2A16600400EFB592 /* AdvancedProgSwiftApp.swift in Sources */ = {isa = PBXBuildFile; fileRef = F64F9A5E2A16600400EFB592 /* AdvancedProgSwiftApp.swift */; };
		F64F9A632A16600600EFB592 /* Assets.xcassets in Resources */ = {isa = PBXBuildFile; fileRef = F64F9A622A16600600EFB592 /* Assets.xcassets */; };
		F64F9A662A16600600EFB592 /* Preview Assets.xcassets in Resources */ = {isa = PBXBuildFile; fileRef = F64F9A652A16600600EFB592 /* Preview Assets.xcassets */; };
		F64F9A702A16600600EFB592 /* AdvancedProgSwiftTests.swift in Sources */ = {isa = PBXBuildFile; fileRef = F64F9A6F2A16600600EFB592 /* AdvancedProgSwiftTests.swift */; };
		F64F9A7A2A16600600EFB592 /* AdvancedProgSwiftUITests.swift in Sources */ = {isa = PBXBuildFile; fileRef = F64F9A792A16600600EFB592 /* AdvancedProgSwiftUITests.swift */; };
		F64F9A7C2A16600600EFB592 /* AdvancedProgSwiftUITestsLaunchTests.swift in Sources */ = {isa = PBXBuildFile; fileRef = F64F9A7B2A16600600EFB592 /* AdvancedProgSwiftUITestsLaunchTests.swift */; };
		F64F9A892A16603700EFB592 /* MenuItemsView.swift in Sources */ = {isa = PBXBuildFile; fileRef = F64F9A882A16603700EFB592 /* MenuItemsView.swift */; };
		F6900EB42A1D3FEF0040B5D8 /* MenuItemsOptionView.swift in Sources */ = {isa = PBXBuildFile; fileRef = F6900EB32A1D3FEF0040B5D8 /* MenuItemsOptionView.swift */; };
		F6900EB62A1F85B70040B5D8 /* AppModel.swift in Sources */ = {isa = PBXBuildFile; fileRef = F6900EB52A1F85B70040B5D8 /* AppModel.swift */; };
		F6900EBA2A1F96B40040B5D8 /* MenuItemDetailsView.swift in Sources */ = {isa = PBXBuildFile; fileRef = F6900EB92A1F96B40040B5D8 /* MenuItemDetailsView.swift */; };
		F6900EBC2A1F97150040B5D8 /* LittleLemonItem.swift in Sources */ = {isa = PBXBuildFile; fileRef = F6900EBB2A1F97150040B5D8 /* LittleLemonItem.swift */; };
/* End PBXBuildFile section */

/* Begin PBXContainerItemProxy section */
		F64F9A6C2A16600600EFB592 /* PBXContainerItemProxy */ = {
			isa = PBXContainerItemProxy;
			containerPortal = F64F9A532A16600400EFB592 /* Project object */;
			proxyType = 1;
			remoteGlobalIDString = F64F9A5A2A16600400EFB592;
			remoteInfo = AdvancedProgSwift;
		};
		F64F9A762A16600600EFB592 /* PBXContainerItemProxy */ = {
			isa = PBXContainerItemProxy;
			containerPortal = F64F9A532A16600400EFB592 /* Project object */;
			proxyType = 1;
			remoteGlobalIDString = F64F9A5A2A16600400EFB592;
			remoteInfo = AdvancedProgSwift;
		};
/* End PBXContainerItemProxy section */

/* Begin PBXFileReference section */
		F645E7B32A1664B400100A0E /* MenuViewViewModel.swift */ = {isa = PBXFileReference; lastKnownFileType = sourcecode.swift; path = MenuViewViewModel.swift; sourceTree = "<group>"; };
		F645E7B52A168CBC00100A0E /* MenuCategory.swift */ = {isa = PBXFileReference; lastKnownFileType = sourcecode.swift; path = MenuCategory.swift; sourceTree = "<group>"; };
		F645E7B72A168CE100100A0E /* Ingredient.swift */ = {isa = PBXFileReference; lastKnownFileType = sourcecode.swift; path = Ingredient.swift; sourceTree = "<group>"; };
		F64F9A5B2A16600400EFB592 /* AdvancedProgSwift.app */ = {isa = PBXFileReference; explicitFileType = wrapper.application; includeInIndex = 0; path = AdvancedProgSwift.app; sourceTree = BUILT_PRODUCTS_DIR; };
		F64F9A5E2A16600400EFB592 /* AdvancedProgSwiftApp.swift */ = {isa = PBXFileReference; lastKnownFileType = sourcecode.swift; path = AdvancedProgSwiftApp.swift; sourceTree = "<group>"; };
		F64F9A622A16600600EFB592 /* Assets.xcassets */ = {isa = PBXFileReference; lastKnownFileType = folder.assetcatalog; path = Assets.xcassets; sourceTree = "<group>"; };
		F64F9A652A16600600EFB592 /* Preview Assets.xcassets */ = {isa = PBXFileReference; lastKnownFileType = folder.assetcatalog; path = "Preview Assets.xcassets"; sourceTree = "<group>"; };
		F64F9A6B2A16600600EFB592 /* AdvancedProgSwiftTests.xctest */ = {isa = PBXFileReference; explicitFileType = wrapper.cfbundle; includeInIndex = 0; path = AdvancedProgSwiftTests.xctest; sourceTree = BUILT_PRODUCTS_DIR; };
		F64F9A6F2A16600600EFB592 /* AdvancedProgSwiftTests.swift */ = {isa = PBXFileReference; lastKnownFileType = sourcecode.swift; path = AdvancedProgSwiftTests.swift; sourceTree = "<group>"; };
		F64F9A752A16600600EFB592 /* AdvancedProgSwiftUITests.xctest */ = {isa = PBXFileReference; explicitFileType = wrapper.cfbundle; includeInIndex = 0; path = AdvancedProgSwiftUITests.xctest; sourceTree = BUILT_PRODUCTS_DIR; };
		F64F9A792A16600600EFB592 /* AdvancedProgSwiftUITests.swift */ = {isa = PBXFileReference; lastKnownFileType = sourcecode.swift; path = AdvancedProgSwiftUITests.swift; sourceTree = "<group>"; };
		F64F9A7B2A16600600EFB592 /* AdvancedProgSwiftUITestsLaunchTests.swift */ = {isa = PBXFileReference; lastKnownFileType = sourcecode.swift; path = AdvancedProgSwiftUITestsLaunchTests.swift; sourceTree = "<group>"; };
		F64F9A882A16603700EFB592 /* MenuItemsView.swift */ = {isa = PBXFileReference; lastKnownFileType = sourcecode.swift; path = MenuItemsView.swift; sourceTree = "<group>"; };
		F6900EB32A1D3FEF0040B5D8 /* MenuItemsOptionView.swift */ = {isa = PBXFileReference; lastKnownFileType = sourcecode.swift; path = MenuItemsOptionView.swift; sourceTree = "<group>"; };
		F6900EB52A1F85B70040B5D8 /* AppModel.swift */ = {isa = PBXFileReference; lastKnownFileType = sourcecode.swift; path = AppModel.swift; sourceTree = "<group>"; };
		F6900EB92A1F96B40040B5D8 /* MenuItemDetailsView.swift */ = {isa = PBXFileReference; lastKnownFileType = sourcecode.swift; path = MenuItemDetailsView.swift; sourceTree = "<group>"; };
		F6900EBB2A1F97150040B5D8 /* LittleLemonItem.swift */ = {isa = PBXFileReference; lastKnownFileType = sourcecode.swift; path = LittleLemonItem.swift; sourceTree = "<group>"; };
/* End PBXFileReference section */

/* Begin PBXFrameworksBuildPhase section */
		F64F9A582A16600400EFB592 /* Frameworks */ = {
			isa = PBXFrameworksBuildPhase;
			buildActionMask = 2147483647;
			files = (
			);
			runOnlyForDeploymentPostprocessing = 0;
		};
		F64F9A682A16600600EFB592 /* Frameworks */ = {
			isa = PBXFrameworksBuildPhase;
			buildActionMask = 2147483647;
			files = (
			);
			runOnlyForDeploymentPostprocessing = 0;
		};
		F64F9A722A16600600EFB592 /* Frameworks */ = {
			isa = PBXFrameworksBuildPhase;
			buildActionMask = 2147483647;
			files = (
			);
			runOnlyForDeploymentPostprocessing = 0;
		};
/* End PBXFrameworksBuildPhase section */

/* Begin PBXGroup section */
		F64F9A522A16600400EFB592 = {
			isa = PBXGroup;
			children = (
				F64F9A5D2A16600400EFB592 /* AdvancedProgSwift */,
				F64F9A6E2A16600600EFB592 /* AdvancedProgSwiftTests */,
				F64F9A782A16600600EFB592 /* AdvancedProgSwiftUITests */,
				F64F9A5C2A16600400EFB592 /* Products */,
			);
			sourceTree = "<group>";
		};
		F64F9A5C2A16600400EFB592 /* Products */ = {
			isa = PBXGroup;
			children = (
				F64F9A5B2A16600400EFB592 /* AdvancedProgSwift.app */,
				F64F9A6B2A16600600EFB592 /* AdvancedProgSwiftTests.xctest */,
				F64F9A752A16600600EFB592 /* AdvancedProgSwiftUITests.xctest */,
			);
			name = Products;
			sourceTree = "<group>";
		};
		F64F9A5D2A16600400EFB592 /* AdvancedProgSwift */ = {
			isa = PBXGroup;
			children = (
				F64F9A5E2A16600400EFB592 /* AdvancedProgSwiftApp.swift */,
				F6900EB82A1F8D9B0040B5D8 /* View */,
				F645E7B32A1664B400100A0E /* MenuViewViewModel.swift */,
				F6900EB72A1F8D4F0040B5D8 /* Model */,
				F64F9A622A16600600EFB592 /* Assets.xcassets */,
				F64F9A642A16600600EFB592 /* Preview Content */,
			);
			path = AdvancedProgSwift;
			sourceTree = "<group>";
		};
		F64F9A642A16600600EFB592 /* Preview Content */ = {
			isa = PBXGroup;
			children = (
				F64F9A652A16600600EFB592 /* Preview Assets.xcassets */,
			);
			path = "Preview Content";
			sourceTree = "<group>";
		};
		F64F9A6E2A16600600EFB592 /* AdvancedProgSwiftTests */ = {
			isa = PBXGroup;
			children = (
				F64F9A6F2A16600600EFB592 /* AdvancedProgSwiftTests.swift */,
			);
			path = AdvancedProgSwiftTests;
			sourceTree = "<group>";
		};
		F64F9A782A16600600EFB592 /* AdvancedProgSwiftUITests */ = {
			isa = PBXGroup;
			children = (
				F64F9A792A16600600EFB592 /* AdvancedProgSwiftUITests.swift */,
				F64F9A7B2A16600600EFB592 /* AdvancedProgSwiftUITestsLaunchTests.swift */,
			);
			path = AdvancedProgSwiftUITests;
			sourceTree = "<group>";
		};
		F6900EB72A1F8D4F0040B5D8 /* Model */ = {
			isa = PBXGroup;
			children = (
				F645E7B52A168CBC00100A0E /* MenuCategory.swift */,
				F645E7B72A168CE100100A0E /* Ingredient.swift */,
				F6900EB52A1F85B70040B5D8 /* AppModel.swift */,
			);
			path = Model;
			sourceTree = "<group>";
		};
		F6900EB82A1F8D9B0040B5D8 /* View */ = {
			isa = PBXGroup;
			children = (
				F64F9A882A16603700EFB592 /* MenuItemsView.swift */,
				F6900EB92A1F96B40040B5D8 /* MenuItemDetailsView.swift */,
				F6900EBB2A1F97150040B5D8 /* LittleLemonItem.swift */,
				F6900EB32A1D3FEF0040B5D8 /* MenuItemsOptionView.swift */,
			);
			path = View;
			sourceTree = "<group>";
		};
/* End PBXGroup section */

/* Begin PBXNativeTarget section */
		F64F9A5A2A16600400EFB592 /* AdvancedProgSwift */ = {
			isa = PBXNativeTarget;
			buildConfigurationList = F64F9A7F2A16600600EFB592 /* Build configuration list for PBXNativeTarget "AdvancedProgSwift" */;
			buildPhases = (
				F64F9A572A16600400EFB592 /* Sources */,
				F64F9A582A16600400EFB592 /* Frameworks */,
				F64F9A592A16600400EFB592 /* Resources */,
			);
			buildRules = (
			);
			dependencies = (
			);
			name = AdvancedProgSwift;
			productName = AdvancedProgSwift;
			productReference = F64F9A5B2A16600400EFB592 /* AdvancedProgSwift.app */;
			productType = "com.apple.product-type.application";
		};
		F64F9A6A2A16600600EFB592 /* AdvancedProgSwiftTests */ = {
			isa = PBXNativeTarget;
			buildConfigurationList = F64F9A822A16600600EFB592 /* Build configuration list for PBXNativeTarget "AdvancedProgSwiftTests" */;
			buildPhases = (
				F64F9A672A16600600EFB592 /* Sources */,
				F64F9A682A16600600EFB592 /* Frameworks */,
				F64F9A692A16600600EFB592 /* Resources */,
			);
			buildRules = (
			);
			dependencies = (
				F64F9A6D2A16600600EFB592 /* PBXTargetDependency */,
			);
			name = AdvancedProgSwiftTests;
			productName = AdvancedProgSwiftTests;
			productReference = F64F9A6B2A16600600EFB592 /* AdvancedProgSwiftTests.xctest */;
			productType = "com.apple.product-type.bundle.unit-test";
		};
		F64F9A742A16600600EFB592 /* AdvancedProgSwiftUITests */ = {
			isa = PBXNativeTarget;
			buildConfigurationList = F64F9A852A16600600EFB592 /* Build configuration list for PBXNativeTarget "AdvancedProgSwiftUITests" */;
			buildPhases = (
				F64F9A712A16600600EFB592 /* Sources */,
				F64F9A722A16600600EFB592 /* Frameworks */,
				F64F9A732A16600600EFB592 /* Resources */,
			);
			buildRules = (
			);
			dependencies = (
				F64F9A772A16600600EFB592 /* PBXTargetDependency */,
			);
			name = AdvancedProgSwiftUITests;
			productName = AdvancedProgSwiftUITests;
			productReference = F64F9A752A16600600EFB592 /* AdvancedProgSwiftUITests.xctest */;
			productType = "com.apple.product-type.bundle.ui-testing";
		};
/* End PBXNativeTarget section */

/* Begin PBXProject section */
		F64F9A532A16600400EFB592 /* Project object */ = {
			isa = PBXProject;
			attributes = {
				BuildIndependentTargetsInParallel = 1;
				LastSwiftUpdateCheck = 1430;
				LastUpgradeCheck = 1430;
				TargetAttributes = {
					F64F9A5A2A16600400EFB592 = {
						CreatedOnToolsVersion = 14.3;
					};
					F64F9A6A2A16600600EFB592 = {
						CreatedOnToolsVersion = 14.3;
						TestTargetID = F64F9A5A2A16600400EFB592;
					};
					F64F9A742A16600600EFB592 = {
						CreatedOnToolsVersion = 14.3;
						TestTargetID = F64F9A5A2A16600400EFB592;
					};
				};
			};
			buildConfigurationList = F64F9A562A16600400EFB592 /* Build configuration list for PBXProject "AdvancedProgSwift" */;
			compatibilityVersion = "Xcode 14.0";
			developmentRegion = en;
			hasScannedForEncodings = 0;
			knownRegions = (
				en,
				Base,
			);
			mainGroup = F64F9A522A16600400EFB592;
			productRefGroup = F64F9A5C2A16600400EFB592 /* Products */;
			projectDirPath = "";
			projectRoot = "";
			targets = (
				F64F9A5A2A16600400EFB592 /* AdvancedProgSwift */,
				F64F9A6A2A16600600EFB592 /* AdvancedProgSwiftTests */,
				F64F9A742A16600600EFB592 /* AdvancedProgSwiftUITests */,
			);
		};
/* End PBXProject section */

/* Begin PBXResourcesBuildPhase section */
		F64F9A592A16600400EFB592 /* Resources */ = {
			isa = PBXResourcesBuildPhase;
			buildActionMask = 2147483647;
			files = (
				F64F9A662A16600600EFB592 /* Preview Assets.xcassets in Resources */,
				F64F9A632A16600600EFB592 /* Assets.xcassets in Resources */,
			);
			runOnlyForDeploymentPostprocessing = 0;
		};
		F64F9A692A16600600EFB592 /* Resources */ = {
			isa = PBXResourcesBuildPhase;
			buildActionMask = 2147483647;
			files = (
			);
			runOnlyForDeploymentPostprocessing = 0;
		};
		F64F9A732A16600600EFB592 /* Resources */ = {
			isa = PBXResourcesBuildPhase;
			buildActionMask = 2147483647;
			files = (
			);
			runOnlyForDeploymentPostprocessing = 0;
		};
/* End PBXResourcesBuildPhase section */

/* Begin PBXSourcesBuildPhase section */
		F64F9A572A16600400EFB592 /* Sources */ = {
			isa = PBXSourcesBuildPhase;
			buildActionMask = 2147483647;
			files = (
				F6900EB62A1F85B70040B5D8 /* AppModel.swift in Sources */,
				F6900EBA2A1F96B40040B5D8 /* MenuItemDetailsView.swift in Sources */,
				F645E7B62A168CBC00100A0E /* MenuCategory.swift in Sources */,
				F64F9A892A16603700EFB592 /* MenuItemsView.swift in Sources */,
				F645E7B82A168CE100100A0E /* Ingredient.swift in Sources */,
				F6900EB42A1D3FEF0040B5D8 /* MenuItemsOptionView.swift in Sources */,
				F64F9A5F2A16600400EFB592 /* AdvancedProgSwiftApp.swift in Sources */,
				F645E7B42A1664B400100A0E /* MenuViewViewModel.swift in Sources */,
				F6900EBC2A1F97150040B5D8 /* LittleLemonItem.swift in Sources */,
			);
			runOnlyForDeploymentPostprocessing = 0;
		};
		F64F9A672A16600600EFB592 /* Sources */ = {
			isa = PBXSourcesBuildPhase;
			buildActionMask = 2147483647;
			files = (
				F64F9A702A16600600EFB592 /* AdvancedProgSwiftTests.swift in Sources */,
			);
			runOnlyForDeploymentPostprocessing = 0;
		};
		F64F9A712A16600600EFB592 /* Sources */ = {
			isa = PBXSourcesBuildPhase;
			buildActionMask = 2147483647;
			files = (
				F64F9A7C2A16600600EFB592 /* AdvancedProgSwiftUITestsLaunchTests.swift in Sources */,
				F64F9A7A2A16600600EFB592 /* AdvancedProgSwiftUITests.swift in Sources */,
			);
			runOnlyForDeploymentPostprocessing = 0;
		};
/* End PBXSourcesBuildPhase section */

/* Begin PBXTargetDependency section */
		F64F9A6D2A16600600EFB592 /* PBXTargetDependency */ = {
			isa = PBXTargetDependency;
			target = F64F9A5A2A16600400EFB592 /* AdvancedProgSwift */;
			targetProxy = F64F9A6C2A16600600EFB592 /* PBXContainerItemProxy */;
		};
		F64F9A772A16600600EFB592 /* PBXTargetDependency */ = {
			isa = PBXTargetDependency;
			target = F64F9A5A2A16600400EFB592 /* AdvancedProgSwift */;
			targetProxy = F64F9A762A16600600EFB592 /* PBXContainerItemProxy */;
		};
/* End PBXTargetDependency section */

/* Begin XCBuildConfiguration section */
		F64F9A7D2A16600600EFB592 /* Debug */ = {
			isa = XCBuildConfiguration;
			buildSettings = {
				ALWAYS_SEARCH_USER_PATHS = NO;
				CLANG_ANALYZER_NONNULL = YES;
				CLANG_ANALYZER_NUMBER_OBJECT_CONVERSION = YES_AGGRESSIVE;
				CLANG_CXX_LANGUAGE_STANDARD = "gnu++20";
				CLANG_ENABLE_MODULES = YES;
				CLANG_ENABLE_OBJC_ARC = YES;
				CLANG_ENABLE_OBJC_WEAK = YES;
				CLANG_WARN_BLOCK_CAPTURE_AUTORELEASING = YES;
				CLANG_WARN_BOOL_CONVERSION = YES;
				CLANG_WARN_COMMA = YES;
				CLANG_WARN_CONSTANT_CONVERSION = YES;
				CLANG_WARN_DEPRECATED_OBJC_IMPLEMENTATIONS = YES;
				CLANG_WARN_DIRECT_OBJC_ISA_USAGE = YES_ERROR;
				CLANG_WARN_DOCUMENTATION_COMMENTS = YES;
				CLANG_WARN_EMPTY_BODY = YES;
				CLANG_WARN_ENUM_CONVERSION = YES;
				CLANG_WARN_INFINITE_RECURSION = YES;
				CLANG_WARN_INT_CONVERSION = YES;
				CLANG_WARN_NON_LITERAL_NULL_CONVERSION = YES;
				CLANG_WARN_OBJC_IMPLICIT_RETAIN_SELF = YES;
				CLANG_WARN_OBJC_LITERAL_CONVERSION = YES;
				CLANG_WARN_OBJC_ROOT_CLASS = YES_ERROR;
				CLANG_WARN_QUOTED_INCLUDE_IN_FRAMEWORK_HEADER = YES;
				CLANG_WARN_RANGE_LOOP_ANALYSIS = YES;
				CLANG_WARN_STRICT_PROTOTYPES = YES;
				CLANG_WARN_SUSPICIOUS_MOVE = YES;
				CLANG_WARN_UNGUARDED_AVAILABILITY = YES_AGGRESSIVE;
				CLANG_WARN_UNREACHABLE_CODE = YES;
				CLANG_WARN__DUPLICATE_METHOD_MATCH = YES;
				COPY_PHASE_STRIP = NO;
				DEBUG_INFORMATION_FORMAT = dwarf;
				ENABLE_STRICT_OBJC_MSGSEND = YES;
				ENABLE_TESTABILITY = YES;
				GCC_C_LANGUAGE_STANDARD = gnu11;
				GCC_DYNAMIC_NO_PIC = NO;
				GCC_NO_COMMON_BLOCKS = YES;
				GCC_OPTIMIZATION_LEVEL = 0;
				GCC_PREPROCESSOR_DEFINITIONS = (
					"DEBUG=1",
					"$(inherited)",
				);
				GCC_WARN_64_TO_32_BIT_CONVERSION = YES;
				GCC_WARN_ABOUT_RETURN_TYPE = YES_ERROR;
				GCC_WARN_UNDECLARED_SELECTOR = YES;
				GCC_WARN_UNINITIALIZED_AUTOS = YES_AGGRESSIVE;
				GCC_WARN_UNUSED_FUNCTION = YES;
				GCC_WARN_UNUSED_VARIABLE = YES;
				IPHONEOS_DEPLOYMENT_TARGET = 16.4;
				MTL_ENABLE_DEBUG_INFO = INCLUDE_SOURCE;
				MTL_FAST_MATH = YES;
				ONLY_ACTIVE_ARCH = YES;
				SDKROOT = iphoneos;
				SWIFT_ACTIVE_COMPILATION_CONDITIONS = DEBUG;
				SWIFT_OPTIMIZATION_LEVEL = "-Onone";
			};
			name = Debug;
		};
		F64F9A7E2A16600600EFB592 /* Release */ = {
			isa = XCBuildConfiguration;
			buildSettings = {
				ALWAYS_SEARCH_USER_PATHS = NO;
				CLANG_ANALYZER_NONNULL = YES;
				CLANG_ANALYZER_NUMBER_OBJECT_CONVERSION = YES_AGGRESSIVE;
				CLANG_CXX_LANGUAGE_STANDARD = "gnu++20";
				CLANG_ENABLE_MODULES = YES;
				CLANG_ENABLE_OBJC_ARC = YES;
				CLANG_ENABLE_OBJC_WEAK = YES;
				CLANG_WARN_BLOCK_CAPTURE_AUTORELEASING = YES;
				CLANG_WARN_BOOL_CONVERSION = YES;
				CLANG_WARN_COMMA = YES;
				CLANG_WARN_CONSTANT_CONVERSION = YES;
				CLANG_WARN_DEPRECATED_OBJC_IMPLEMENTATIONS = YES;
				CLANG_WARN_DIRECT_OBJC_ISA_USAGE = YES_ERROR;
				CLANG_WARN_DOCUMENTATION_COMMENTS = YES;
				CLANG_WARN_EMPTY_BODY = YES;
				CLANG_WARN_ENUM_CONVERSION = YES;
				CLANG_WARN_INFINITE_RECURSION = YES;
				CLANG_WARN_INT_CONVERSION = YES;
				CLANG_WARN_NON_LITERAL_NULL_CONVERSION = YES;
				CLANG_WARN_OBJC_IMPLICIT_RETAIN_SELF = YES;
				CLANG_WARN_OBJC_LITERAL_CONVERSION = YES;
				CLANG_WARN_OBJC_ROOT_CLASS = YES_ERROR;
				CLANG_WARN_QUOTED_INCLUDE_IN_FRAMEWORK_HEADER = YES;
				CLANG_WARN_RANGE_LOOP_ANALYSIS = YES;
				CLANG_WARN_STRICT_PROTOTYPES = YES;
				CLANG_WARN_SUSPICIOUS_MOVE = YES;
				CLANG_WARN_UNGUARDED_AVAILABILITY = YES_AGGRESSIVE;
				CLANG_WARN_UNREACHABLE_CODE = YES;
				CLANG_WARN__DUPLICATE_METHOD_MATCH = YES;
				COPY_PHASE_STRIP = NO;
				DEBUG_INFORMATION_FORMAT = "dwarf-with-dsym";
				ENABLE_NS_ASSERTIONS = NO;
				ENABLE_STRICT_OBJC_MSGSEND = YES;
				GCC_C_LANGUAGE_STANDARD = gnu11;
				GCC_NO_COMMON_BLOCKS = YES;
				GCC_WARN_64_TO_32_BIT_CONVERSION = YES;
				GCC_WARN_ABOUT_RETURN_TYPE = YES_ERROR;
				GCC_WARN_UNDECLARED_SELECTOR = YES;
				GCC_WARN_UNINITIALIZED_AUTOS = YES_AGGRESSIVE;
				GCC_WARN_UNUSED_FUNCTION = YES;
				GCC_WARN_UNUSED_VARIABLE = YES;
				IPHONEOS_DEPLOYMENT_TARGET = 16.4;
				MTL_ENABLE_DEBUG_INFO = NO;
				MTL_FAST_MATH = YES;
				SDKROOT = iphoneos;
				SWIFT_COMPILATION_MODE = wholemodule;
				SWIFT_OPTIMIZATION_LEVEL = "-O";
				VALIDATE_PRODUCT = YES;
			};
			name = Release;
		};
		F64F9A802A16600600EFB592 /* Debug */ = {
			isa = XCBuildConfiguration;
			buildSettings = {
				ASSETCATALOG_COMPILER_APPICON_NAME = AppIcon;
				ASSETCATALOG_COMPILER_GLOBAL_ACCENT_COLOR_NAME = AccentColor;
				CODE_SIGN_STYLE = Automatic;
				CURRENT_PROJECT_VERSION = 1;
				DEVELOPMENT_ASSET_PATHS = "\"AdvancedProgSwift/Preview Content\"";
				DEVELOPMENT_TEAM = 9495ZGT5QK;
				ENABLE_PREVIEWS = YES;
				GENERATE_INFOPLIST_FILE = YES;
				INFOPLIST_KEY_UIApplicationSceneManifest_Generation = YES;
				INFOPLIST_KEY_UIApplicationSupportsIndirectInputEvents = YES;
				INFOPLIST_KEY_UILaunchScreen_Generation = YES;
				INFOPLIST_KEY_UISupportedInterfaceOrientations_iPad = "UIInterfaceOrientationPortrait UIInterfaceOrientationPortraitUpsideDown UIInterfaceOrientationLandscapeLeft UIInterfaceOrientationLandscapeRight";
				INFOPLIST_KEY_UISupportedInterfaceOrientations_iPhone = "UIInterfaceOrientationPortrait UIInterfaceOrientationLandscapeLeft UIInterfaceOrientationLandscapeRight";
				LD_RUNPATH_SEARCH_PATHS = (
					"$(inherited)",
					"@executable_path/Frameworks",
				);
				MARKETING_VERSION = 1.0;
				PRODUCT_BUNDLE_IDENTIFIER = com.kub.AdvancedProgSwift;
				PRODUCT_NAME = "$(TARGET_NAME)";
				SWIFT_EMIT_LOC_STRINGS = YES;
				SWIFT_VERSION = 5.0;
				TARGETED_DEVICE_FAMILY = "1,2";
			};
			name = Debug;
		};
		F64F9A812A16600600EFB592 /* Release */ = {
			isa = XCBuildConfiguration;
			buildSettings = {
				ASSETCATALOG_COMPILER_APPICON_NAME = AppIcon;
				ASSETCATALOG_COMPILER_GLOBAL_ACCENT_COLOR_NAME = AccentColor;
				CODE_SIGN_STYLE = Automatic;
				CURRENT_PROJECT_VERSION = 1;
				DEVELOPMENT_ASSET_PATHS = "\"AdvancedProgSwift/Preview Content\"";
				DEVELOPMENT_TEAM = 9495ZGT5QK;
				ENABLE_PREVIEWS = YES;
				GENERATE_INFOPLIST_FILE = YES;
				INFOPLIST_KEY_UIApplicationSceneManifest_Generation = YES;
				INFOPLIST_KEY_UIApplicationSupportsIndirectInputEvents = YES;
				INFOPLIST_KEY_UILaunchScreen_Generation = YES;
				INFOPLIST_KEY_UISupportedInterfaceOrientations_iPad = "UIInterfaceOrientationPortrait UIInterfaceOrientationPortraitUpsideDown UIInterfaceOrientationLandscapeLeft UIInterfaceOrientationLandscapeRight";
				INFOPLIST_KEY_UISupportedInterfaceOrientations_iPhone = "UIInterfaceOrientationPortrait UIInterfaceOrientationLandscapeLeft UIInterfaceOrientationLandscapeRight";
				LD_RUNPATH_SEARCH_PATHS = (
					"$(inherited)",
					"@executable_path/Frameworks",
				);
				MARKETING_VERSION = 1.0;
				PRODUCT_BUNDLE_IDENTIFIER = com.kub.AdvancedProgSwift;
				PRODUCT_NAME = "$(TARGET_NAME)";
				SWIFT_EMIT_LOC_STRINGS = YES;
				SWIFT_VERSION = 5.0;
				TARGETED_DEVICE_FAMILY = "1,2";
			};
			name = Release;
		};
		F64F9A832A16600600EFB592 /* Debug */ = {
			isa = XCBuildConfiguration;
			buildSettings = {
				ALWAYS_EMBED_SWIFT_STANDARD_LIBRARIES = YES;
				BUNDLE_LOADER = "$(TEST_HOST)";
				CODE_SIGN_STYLE = Automatic;
				CURRENT_PROJECT_VERSION = 1;
				DEVELOPMENT_TEAM = 9495ZGT5QK;
				GENERATE_INFOPLIST_FILE = YES;
				IPHONEOS_DEPLOYMENT_TARGET = 16.4;
				MARKETING_VERSION = 1.0;
				PRODUCT_BUNDLE_IDENTIFIER = com.kub.AdvancedProgSwiftTests;
				PRODUCT_NAME = "$(TARGET_NAME)";
				SWIFT_EMIT_LOC_STRINGS = NO;
				SWIFT_VERSION = 5.0;
				TARGETED_DEVICE_FAMILY = "1,2";
				TEST_HOST = "$(BUILT_PRODUCTS_DIR)/AdvancedProgSwift.app/$(BUNDLE_EXECUTABLE_FOLDER_PATH)/AdvancedProgSwift";
			};
			name = Debug;
		};
		F64F9A842A16600600EFB592 /* Release */ = {
			isa = XCBuildConfiguration;
			buildSettings = {
				ALWAYS_EMBED_SWIFT_STANDARD_LIBRARIES = YES;
				BUNDLE_LOADER = "$(TEST_HOST)";
				CODE_SIGN_STYLE = Automatic;
				CURRENT_PROJECT_VERSION = 1;
				DEVELOPMENT_TEAM = 9495ZGT5QK;
				GENERATE_INFOPLIST_FILE = YES;
				IPHONEOS_DEPLOYMENT_TARGET = 16.4;
				MARKETING_VERSION = 1.0;
				PRODUCT_BUNDLE_IDENTIFIER = com.kub.AdvancedProgSwiftTests;
				PRODUCT_NAME = "$(TARGET_NAME)";
				SWIFT_EMIT_LOC_STRINGS = NO;
				SWIFT_VERSION = 5.0;
				TARGETED_DEVICE_FAMILY = "1,2";
				TEST_HOST = "$(BUILT_PRODUCTS_DIR)/AdvancedProgSwift.app/$(BUNDLE_EXECUTABLE_FOLDER_PATH)/AdvancedProgSwift";
			};
			name = Release;
		};
		F64F9A862A16600600EFB592 /* Debug */ = {
			isa = XCBuildConfiguration;
			buildSettings = {
				ALWAYS_EMBED_SWIFT_STANDARD_LIBRARIES = YES;
				CODE_SIGN_STYLE = Automatic;
				CURRENT_PROJECT_VERSION = 1;
				DEVELOPMENT_TEAM = 9495ZGT5QK;
				GENERATE_INFOPLIST_FILE = YES;
				MARKETING_VERSION = 1.0;
				PRODUCT_BUNDLE_IDENTIFIER = com.kub.AdvancedProgSwiftUITests;
				PRODUCT_NAME = "$(TARGET_NAME)";
				SWIFT_EMIT_LOC_STRINGS = NO;
				SWIFT_VERSION = 5.0;
				TARGETED_DEVICE_FAMILY = "1,2";
				TEST_TARGET_NAME = AdvancedProgSwift;
			};
			name = Debug;
		};
		F64F9A872A16600600EFB592 /* Release */ = {
			isa = XCBuildConfiguration;
			buildSettings = {
				ALWAYS_EMBED_SWIFT_STANDARD_LIBRARIES = YES;
				CODE_SIGN_STYLE = Automatic;
				CURRENT_PROJECT_VERSION = 1;
				DEVELOPMENT_TEAM = 9495ZGT5QK;
				GENERATE_INFOPLIST_FILE = YES;
				MARKETING_VERSION = 1.0;
				PRODUCT_BUNDLE_IDENTIFIER = com.kub.AdvancedProgSwiftUITests;
				PRODUCT_NAME = "$(TARGET_NAME)";
				SWIFT_EMIT_LOC_STRINGS = NO;
				SWIFT_VERSION = 5.0;
				TARGETED_DEVICE_FAMILY = "1,2";
				TEST_TARGET_NAME = AdvancedProgSwift;
			};
			name = Release;
		};
/* End XCBuildConfiguration section */

/* Begin XCConfigurationList section */
		F64F9A562A16600400EFB592 /* Build configuration list for PBXProject "AdvancedProgSwift" */ = {
			isa = XCConfigurationList;
			buildConfigurations = (
				F64F9A7D2A16600600EFB592 /* Debug */,
				F64F9A7E2A16600600EFB592 /* Release */,
			);
			defaultConfigurationIsVisible = 0;
			defaultConfigurationName = Release;
		};
		F64F9A7F2A16600600EFB592 /* Build configuration list for PBXNativeTarget "AdvancedProgSwift" */ = {
			isa = XCConfigurationList;
			buildConfigurations = (
				F64F9A802A16600600EFB592 /* Debug */,
				F64F9A812A16600600EFB592 /* Release */,
			);
			defaultConfigurationIsVisible = 0;
			defaultConfigurationName = Release;
		};
		F64F9A822A16600600EFB592 /* Build configuration list for PBXNativeTarget "AdvancedProgSwiftTests" */ = {
			isa = XCConfigurationList;
			buildConfigurations = (
				F64F9A832A16600600EFB592 /* Debug */,
				F64F9A842A16600600EFB592 /* Release */,
			);
			defaultConfigurationIsVisible = 0;
			defaultConfigurationName = Release;
		};
		F64F9A852A16600600EFB592 /* Build configuration list for PBXNativeTarget "AdvancedProgSwiftUITests" */ = {
			isa = XCConfigurationList;
			buildConfigurations = (
				F64F9A862A16600600EFB592 /* Debug */,
				F64F9A872A16600600EFB592 /* Release */,
			);
			defaultConfigurationIsVisible = 0;
			defaultConfigurationName = Release;
		};
/* End XCConfigurationList section */
	};
	rootObject = F64F9A532A16600400EFB592 /* Project object */;
}
